
Microsoft Visual Studio Solution File, Format Version 12.00
# Visual Studio 2012
Project("{FAE04EC0-301F-11D3-BF4B-00C04F79EFBC}") = "liboms", "liboms\liboms.csproj", "{A2BD9D3A-8BA7-4C02-9BA5-5D2AD36E3883}"
EndProject
Project("{FAE04EC0-301F-11D3-BF4B-00C04F79EFBC}") = "ping", "ping\ping.csproj", "{69D6C96A-F867-4512-9B64-79FE8F5D28C0}"
EndProject
Global
	GlobalSection(SolutionConfigurationPlatforms) = preSolution
		Debug|Any CPU = Debug|Any CPU
		Release|Any CPU = Release|Any CPU
	EndGlobalSection
	GlobalSection(ProjectConfigurationPlatforms) = postSolution
		{69D6C96A-F867-4512-9B64-79FE8F5D28C0}.Debug|Any CPU.ActiveCfg = Debug|Any CPU
		{69D6C96A-F867-4512-9B64-79FE8F5D28C0}.Debug|Any CPU.Build.0 = Debug|Any CPU
		{69D6C96A-F867-4512-9B64-79FE8F5D28C0}.Release|Any CPU.ActiveCfg = Release|Any CPU
		{69D6C96A-F867-4512-9B64-79FE8F5D28C0}.Release|Any CPU.Build.0 = Release|Any CPU
		{A2BD9D3A-8BA7-4C02-9BA5-5D2AD36E3883}.Debug|Any CPU.ActiveCfg = Debug|Any CPU
		{A2BD9D3A-8BA7-4C02-9BA5-5D2AD36E3883}.Debug|Any CPU.Build.0 = Debug|Any CPU
		{A2BD9D3A-8BA7-4C02-9BA5-5D2AD36E3883}.Release|Any CPU.ActiveCfg = Release|Any CPU
		{A2BD9D3A-8BA7-4C02-9BA5-5D2AD36E3883}.Release|Any CPU.Build.0 = Release|Any CPU
	EndGlobalSection
EndGlobal
