{
	"name": "app",
	"version": "1.0.0",
	"lockfileVersion": 1,
	"requires": true,
	"dependencies": {
		"dojo": {
			"version": "1.11.5",
			"resolved": "https://registry.npmjs.org/dojo/-/dojo-1.11.5.tgz",
			"integrity": "sha512-PlmMe4QTt5moXIcjYqDU2r7lFBVYJtRhvDRQcrW/WMIiMMsxfr0QEOatelNJbPj1RFxhv0QEniPgZCXREBVkgQ=="
		}
	}
}
